<?xml version="1.0" encoding="UTF-8"?>
<!DOCTYPE plist PUBLIC "-//Apple//DTD PLIST 1.0//EN" "http://www.apple.com/DTDs/PropertyList-1.0.dtd">
<plist version="1.0">
<dict>
	<key>archiveVersion</key>
	<string>1</string>
	<key>classes</key>
	<dict/>
	<key>objectVersion</key>
	<string>56</string>
	<key>objects</key>
	<dict>
		<key>033944B16D4B3D4C1ACD41C7</key>
		<dict>
			<key>fileRef</key>
			<string>B3C6D67E0EC19864C0883592</string>
			<key>isa</key>
			<string>PBXBuildFile</string>
		</dict>
		<key>068B82CA843B5BC1702B53A1</key>
		<dict>
			<key>isa</key>
			<string>PBXFileReference</string>
			<key>lastKnownFileType</key>
			<string>text.xml</string>
			<key>path</key>
			<string>PrivacyInfo.xcprivacy</string>
			<key>sourceTree</key>
			<string>&lt;group&gt;</string>
		</dict>
		<key>06BC19412AE3511D5A346960</key>
		<dict>
			<key>isa</key>
			<string>PBXFileReference</string>
			<key>lastKnownFileType</key>
			<string>folder.assetcatalog</string>
			<key>path</key>
			<string>Assets.xcassets</string>
			<key>sourceTree</key>
			<string>&lt;group&gt;</string>
		</dict>
		<key>07CA1E69F6068DEA30A4DA6B</key>
		<dict>
			<key>buildSettings</key>
			<dict>
				<key>CLANG_ENABLE_MODULES</key>
				<string>YES</string>
				<key>ONLY_ACTIVE_ARCH</key>
				<string>NO</string>
			</dict>
			<key>isa</key>
			<string>XCBuildConfiguration</string>
			<key>name</key>
			<string>Release</string>
		</dict>
		<key>0A3E27B8CA818264D75C8D81</key>
		<dict>
			<key>children</key>
			<array>
				<string>A8792157CB4F27FB949C035F</string>
			</array>
			<key>isa</key>
			<string>PBXGroup</string>
			<key>name</key>
			<string>Products</string>
			<key>sourceTree</key>
			<string>&lt;group&gt;</string>
		</dict>
		<key>244210E48437B6556980A702</key>
		<dict>
			<key>attributes</key>
			<dict>
				<key>LastUpgradeCheck</key>
				<string>2700</string>
				<key>TargetAttributes</key>
				<dict>
					<key>34A04005BCAF206EEC990BD9</key>
					<dict>
						<key>CreatedOnToolsVersion</key>
						<string>27.0</string>
					</dict>
				</dict>
			</dict>
			<key>buildConfigurationList</key>
			<string>B4E10CAA9C5E22150B71559C</string>
			<key>compatibilityVersion</key>
			<string>Xcode 14.0</string>
			<key>developmentRegion</key>
			<string>es</string>
			<key>hasScannedForEncodings</key>
			<integer>0</integer>
			<key>isa</key>
			<string>PBXProject</string>
			<key>knownRegions</key>
			<array>
				<string>es</string>
				<string>en</string>
				<string>Base</string>
			</array>
			<key>mainGroup</key>
			<string>4813494D137E1631BBA301D5</string>
			<key>productRefGroup</key>
			<string>0A3E27B8CA818264D75C8D81</string>
			<key>projectDirPath</key>
			<string></string>
			<key>projectRoot</key>
			<string></string>
			<key>targets</key>
			<array>
				<string>34A04005BCAF206EEC990BD9</string>
			</array>
		</dict>
		<key>2B23A31EEC75B029432F2445</key>
		<dict>
			<key>buildSettings</key>
			<dict>
				<key>CLANG_ENABLE_MODULES</key>
				<string>YES</string>
				<key>ONLY_ACTIVE_ARCH</key>
				<string>YES</string>
			</dict>
			<key>isa</key>
			<string>XCBuildConfiguration</string>
			<key>name</key>
			<string>Debug</string>
		</dict>
		<key>34A04005BCAF206EEC990BD9</key>
		<dict>
			<key>buildConfigurationList</key>
			<string>4A807E8A027297B0B93701FB</string>
			<key>buildPhases</key>
			<array>
				<string>878A52FC5FF6A57D50B7B870</string>
				<string>E2AA269EB967A8853A258BFA</string>
				<string>41D311A605520FC7B8B9A980</string>
			</array>
			<key>buildRules</key>
			<array/>
			<key>dependencies</key>
			<array/>
			<key>isa</key>
			<string>PBXNativeTarget</string>
			<key>name</key>
			<string>AsterRemote</string>
			<key>productName</key>
			<string>Aster Remote</string>
			<key>productReference</key>
			<string>A8792157CB4F27FB949C035F</string>
			<key>productType</key>
			<string>com.apple.product-type.application</string>
		</dict>
		<key>41D311A605520FC7B8B9A980</key>
		<dict>
			<key>buildActionMask</key>
			<integer>2147483647</integer>
			<key>files</key>
			<array>
				<string>6D3E1FE7B9D4981A01FED2ED</string>
				<string>CE592D926B548708CFD0C61E</string>
			</array>
			<key>isa</key>
			<string>PBXResourcesBuildPhase</string>
			<key>runOnlyForDeploymentPostprocessing</key>
			<integer>0</integer>
		</dict>
		<key>4813494D137E1631BBA301D5</key>
		<dict>
			<key>children</key>
			<array>
				<string>BA7D6994727254D222507842</string>
				<string>BDEC7F0E227A8976D11BA4FC</string>
				<string>9CA2E90AB2DF4FC0A14228CA</string>
				<string>54D83126F7254243F70FFF83</string>
				<string>638CB8AD9F2EED833509AC1E</string>
				<string>59227A73E42AE29B4D0253DF</string>
				<string>B3C6D67E0EC19864C0883592</string>
				<string>06BC19412AE3511D5A346960</string>
				<string>068B82CA843B5BC1702B53A1</string>
				<string>0A3E27B8CA818264D75C8D81</string>
			</array>
			<key>isa</key>
			<string>PBXGroup</string>
			<key>sourceTree</key>
			<string>&lt;group&gt;</string>
		</dict>
		<key>4A807E8A027297B0B93701FB</key>
		<dict>
			<key>buildConfigurations</key>
			<array>
				<string>EDDA600A3F771F810A8065C9</string>
				<string>594BCDCC96599D88EF772A08</string>
			</array>
			<key>defaultConfigurationIsVisible</key>
			<integer>0</integer>
			<key>defaultConfigurationName</key>
			<string>Release</string>
			<key>isa</key>
			<string>XCConfigurationList</string>
		</dict>
		<key>4AD5E3DBD67C82AFA9D22B33</key>
		<dict>
			<key>fileRef</key>
			<string>54D83126F7254243F70FFF83</string>
			<key>isa</key>
			<string>PBXBuildFile</string>
		</dict>
		<key>4E7466A42AAE70F2AA065F1D</key>
		<dict>
			<key>fileRef</key>
			<string>BDEC7F0E227A8976D11BA4FC</string>
			<key>isa</key>
			<string>PBXBuildFile</string>
		</dict>
		<key>54D83126F7254243F70FFF83</key>
		<dict>
			<key>isa</key>
			<string>PBXFileReference</string>
			<key>lastKnownFileType</key>
			<string>sourcecode.swift</string>
			<key>path</key>
			<string>Sources/QRScanner.swift</string>
			<key>sourceTree</key>
			<string>&lt;group&gt;</string>
		</dict>
		<key>59227A73E42AE29B4D0253DF</key>
		<dict>
			<key>isa</key>
			<string>PBXFileReference</string>
			<key>lastKnownFileType</key>
			<string>sourcecode.swift</string>
			<key>path</key>
			<string>../Aster-macOS/Shared/RemoteConnection.swift</string>
			<key>sourceTree</key>
			<string>&lt;group&gt;</string>
		</dict>
		<key>594BCDCC96599D88EF772A08</key>
		<dict>
			<key>buildSettings</key>
			<dict>
				<key>ASSETCATALOG_COMPILER_APPICON_NAME</key>
				<string>AppIcon</string>
				<key>CODE_SIGN_STYLE</key>
				<string>Automatic</string>
				<key>CURRENT_PROJECT_VERSION</key>
				<string>9</string>
				<key>DEBUG_INFORMATION_FORMAT</key>
				<string>dwarf-with-dsym</string>
				<key>DEVELOPMENT_TEAM</key>
				<string></string>
				<key>ENABLE_USER_SCRIPT_SANDBOXING</key>
				<string>YES</string>
				<key>GENERATE_INFOPLIST_FILE</key>
				<string>NO</string>
				<key>INFOPLIST_FILE</key>
				<string>Info.plist</string>
				<key>IPHONEOS_DEPLOYMENT_TARGET</key>
				<string>17.0</string>
				<key>MARKETING_VERSION</key>
				<string>0.6.0</string>
				<key>PRODUCT_BUNDLE_IDENTIFIER</key>
				<string>com.aster.remote</string>
				<key>PRODUCT_NAME</key>
				<string>Aster Remote</string>
				<key>SDKROOT</key>
				<string>iphoneos</string>
				<key>SUPPORTED_PLATFORMS</key>
				<string>iphoneos iphonesimulator</string>
				<key>SUPPORTS_MACCATALYST</key>
				<string>NO</string>
				<key>SWIFT_ACTIVE_COMPILATION_CONDITIONS</key>
				<string></string>
				<key>SWIFT_OPTIMIZATION_LEVEL</key>
				<string>-O</string>
				<key>SWIFT_VERSION</key>
				<string>5.0</string>
				<key>TARGETED_DEVICE_FAMILY</key>
				<string>1</string>
			</dict>
			<key>isa</key>
			<string>XCBuildConfiguration</string>
			<key>name</key>
			<string>Release</string>
		</dict>
		<key>638CB8AD9F2EED833509AC1E</key>
		<dict>
			<key>isa</key>
			<string>PBXFileReference</string>
			<key>lastKnownFileType</key>
			<string>sourcecode.swift</string>
			<key>path</key>
			<string>../Aster-macOS/Shared/CredentialVault.swift</string>
			<key>sourceTree</key>
			<string>&lt;group&gt;</string>
		</dict>
		<key>6D3E1FE7B9D4981A01FED2ED</key>
		<dict>
			<key>fileRef</key>
			<string>06BC19412AE3511D5A346960</string>
			<key>isa</key>
			<string>PBXBuildFile</string>
		</dict>
		<key>878A52FC5FF6A57D50B7B870</key>
		<dict>
			<key>buildActionMask</key>
			<integer>2147483647</integer>
			<key>files</key>
			<array>
				<string>969BA7B146AC222C90CCEED9</string>
				<string>4E7466A42AAE70F2AA065F1D</string>
				<string>E9F88F9A99E7A0520E4CD0A5</string>
				<string>4AD5E3DBD67C82AFA9D22B33</string>
				<string>B5C8F1A2C19E527FAADD00B2</string>
				<string>DF7433D8F36175AD0E5394EA</string>
				<string>033944B16D4B3D4C1ACD41C7</string>
			</array>
			<key>isa</key>
			<string>PBXSourcesBuildPhase</string>
			<key>runOnlyForDeploymentPostprocessing</key>
			<integer>0</integer>
		</dict>
		<key>969BA7B146AC222C90CCEED9</key>
		<dict>
			<key>fileRef</key>
			<string>BA7D6994727254D222507842</string>
			<key>isa</key>
			<string>PBXBuildFile</string>
		</dict>
		<key>9CA2E90AB2DF4FC0A14228CA</key>
		<dict>
			<key>isa</key>
			<string>PBXFileReference</string>
			<key>lastKnownFileType</key>
			<string>sourcecode.swift</string>
			<key>path</key>
			<string>Sources/PhoneModel.swift</string>
			<key>sourceTree</key>
			<string>&lt;group&gt;</string>
		</dict>
		<key>A8792157CB4F27FB949C035F</key>
		<dict>
			<key>explicitFileType</key>
			<string>wrapper.application</string>
			<key>isa</key>
			<string>PBXFileReference</string>
			<key>path</key>
			<string>Aster Remote.app</string>
			<key>sourceTree</key>
			<string>BUILT_PRODUCTS_DIR</string>
		</dict>
		<key>B3C6D67E0EC19864C0883592</key>
		<dict>
			<key>isa</key>
			<string>PBXFileReference</string>
			<key>lastKnownFileType</key>
			<string>sourcecode.swift</string>
			<key>path</key>
			<string>../Aster-macOS/Shared/RemoteProtocol.swift</string>
			<key>sourceTree</key>
			<string>&lt;group&gt;</string>
		</dict>
		<key>B4E10CAA9C5E22150B71559C</key>
		<dict>
			<key>buildConfigurations</key>
			<array>
				<string>2B23A31EEC75B029432F2445</string>
				<string>07CA1E69F6068DEA30A4DA6B</string>
			</array>
			<key>defaultConfigurationIsVisible</key>
			<integer>0</integer>
			<key>defaultConfigurationName</key>
			<string>Release</string>
			<key>isa</key>
			<string>XCConfigurationList</string>
		</dict>
		<key>B5C8F1A2C19E527FAADD00B2</key>
		<dict>
			<key>fileRef</key>
			<string>638CB8AD9F2EED833509AC1E</string>
			<key>isa</key>
			<string>PBXBuildFile</string>
		</dict>
		<key>BA7D6994727254D222507842</key>
		<dict>
			<key>isa</key>
			<string>PBXFileReference</string>
			<key>lastKnownFileType</key>
			<string>sourcecode.swift</string>
			<key>path</key>
			<string>Sources/AsterRemoteApp.swift</string>
			<key>sourceTree</key>
			<string>&lt;group&gt;</string>
		</dict>
		<key>BDEC7F0E227A8976D11BA4FC</key>
		<dict>
			<key>isa</key>
			<string>PBXFileReference</string>
			<key>lastKnownFileType</key>
			<string>sourcecode.swift</string>
			<key>path</key>
			<string>Sources/MacView.swift</string>
			<key>sourceTree</key>
			<string>&lt;group&gt;</string>
		</dict>
		<key>CE592D926B548708CFD0C61E</key>
		<dict>
			<key>fileRef</key>
			<string>068B82CA843B5BC1702B53A1</string>
			<key>isa</key>
			<string>PBXBuildFile</string>
		</dict>
		<key>DF7433D8F36175AD0E5394EA</key>
		<dict>
			<key>fileRef</key>
			<string>59227A73E42AE29B4D0253DF</string>
			<key>isa</key>
			<string>PBXBuildFile</string>
		</dict>
		<key>E2AA269EB967A8853A258BFA</key>
		<dict>
			<key>buildActionMask</key>
			<integer>2147483647</integer>
			<key>files</key>
			<array/>
			<key>isa</key>
			<string>PBXFrameworksBuildPhase</string>
			<key>runOnlyForDeploymentPostprocessing</key>
			<integer>0</integer>
		</dict>
		<key>E9F88F9A99E7A0520E4CD0A5</key>
		<dict>
			<key>fileRef</key>
			<string>9CA2E90AB2DF4FC0A14228CA</string>
			<key>isa</key>
			<string>PBXBuildFile</string>
		</dict>
		<key>EDDA600A3F771F810A8065C9</key>
		<dict>
			<key>buildSettings</key>
			<dict>
				<key>ASSETCATALOG_COMPILER_APPICON_NAME</key>
				<string>AppIcon</string>
				<key>CODE_SIGN_STYLE</key>
				<string>Automatic</string>
				<key>CURRENT_PROJECT_VERSION</key>
				<string>9</string>
				<key>DEBUG_INFORMATION_FORMAT</key>
				<string>dwarf</string>
				<key>DEVELOPMENT_TEAM</key>
				<string></string>
				<key>ENABLE_USER_SCRIPT_SANDBOXING</key>
				<string>YES</string>
				<key>GENERATE_INFOPLIST_FILE</key>
				<string>NO</string>
				<key>INFOPLIST_FILE</key>
				<string>Info.plist</string>
				<key>IPHONEOS_DEPLOYMENT_TARGET</key>
				<string>17.0</string>
				<key>MARKETING_VERSION</key>
				<string>0.6.0</string>
				<key>PRODUCT_BUNDLE_IDENTIFIER</key>
				<string>com.aster.remote</string>
				<key>PRODUCT_NAME</key>
				<string>Aster Remote</string>
				<key>SDKROOT</key>
				<string>iphoneos</string>
				<key>SUPPORTED_PLATFORMS</key>
				<string>iphoneos iphonesimulator</string>
				<key>SUPPORTS_MACCATALYST</key>
				<string>NO</string>
				<key>SWIFT_ACTIVE_COMPILATION_CONDITIONS</key>
				<string>DEBUG</string>
				<key>SWIFT_OPTIMIZATION_LEVEL</key>
				<string>-Onone</string>
				<key>SWIFT_VERSION</key>
				<string>5.0</string>
				<key>TARGETED_DEVICE_FAMILY</key>
				<string>1</string>
			</dict>
			<key>isa</key>
			<string>XCBuildConfiguration</string>
			<key>name</key>
			<string>Debug</string>
		</dict>
	</dict>
	<key>rootObject</key>
	<string>244210E48437B6556980A702</string>
</dict>
</plist>
